// !$*UTF8*$!
{
	archiveVersion = 1;
	classes = {
	};
	objectVersion = 56;
	objects = {

/* Begin PBXBuildFile section */
		84A885252AC895C200522DDB /* AppDelegate.swift in Sources */ = {isa = PBXBuildFile; fileRef = 84A885242AC895C200522DDB /* AppDelegate.swift */; };
		84A885272AC895C200522DDB /* SceneDelegate.swift in Sources */ = {isa = PBXBuildFile; fileRef = 84A885262AC895C200522DDB /* SceneDelegate.swift */; };
		84A885292AC895C200522DDB /* ViewController.swift in Sources */ = {isa = PBXBuildFile; fileRef = 84A885282AC895C200522DDB /* ViewController.swift */; };
		84A8852C2AC895C200522DDB /* Main.storyboard in Resources */ = {isa = PBXBuildFile; fileRef = 84A8852A2AC895C200522DDB /* Main.storyboard */; };
		84A8852E2AC895C200522DDB /* Assets.xcassets in Resources */ = {isa = PBXBuildFile; fileRef = 84A8852D2AC895C200522DDB /* Assets.xcassets */; };
		84A885312AC895C200522DDB /* LaunchScreen.storyboard in Resources */ = {isa = PBXBuildFile; fileRef = 84A8852F2AC895C200522DDB /* LaunchScreen.storyboard */; };
		84A8853C2AC895C300522DDB /* dfgTests.swift in Sources */ = {isa = PBXBuildFile; fileRef = 84A8853B2AC895C300522DDB /* dfgTests.swift */; };
		84A885462AC895C300522DDB /* dfgUITests.swift in Sources */ = {isa = PBXBuildFile; fileRef = 84A885452AC895C300522DDB /* dfgUITests.swift */; };
		84A885482AC895C300522DDB /* dfgUITestsLaunchTests.swift in Sources */ = {isa = PBXBuildFile; fileRef = 84A885472AC895C300522DDB /* dfgUITestsLaunchTests.swift */; };
/* End PBXBuildFile section */

/* Begin PBXContainerItemProxy section */
		84A885382AC895C300522DDB /* PBXContainerItemProxy */ = {
			isa = PBXContainerItemProxy;
			containerPortal = 84A885192AC895C200522DDB /* Project object */;
			proxyType = 1;
			remoteGlobalIDString = 84A885202AC895C200522DDB;
			remoteInfo = dfg;
		};
		84A885422AC895C300522DDB /* PBXContainerItemProxy */ = {
			isa = PBXContainerItemProxy;
			containerPortal = 84A885192AC895C200522DDB /* Project object */;
			proxyType = 1;
			remoteGlobalIDString = 84A885202AC895C200522DDB;
			remoteInfo = dfg;
		};
/* End PBXContainerItemProxy section */

/* Begin PBXFileReference section */
		84A885212AC895C200522DDB /* dfg.app */ = {isa = PBXFileReference; explicitFileType = wrapper.application; includeInIndex = 0; path = dfg.app; sourceTree = BUILT_PRODUCTS_DIR; };
		84A885242AC895C200522DDB /* AppDelegate.swift */ = {isa = PBXFileReference; lastKnownFileType = sourcecode.swift; path = AppDelegate.swift; sourceTree = "<group>"; };
		84A885262AC895C200522DDB /* SceneDelegate.swift */ = {isa = PBXFileReference; lastKnownFileType = sourcecode.swift; path = SceneDelegate.swift; sourceTree = "<group>"; };
		84A885282AC895C200522DDB /* ViewController.swift */ = {isa = PBXFileReference; lastKnownFileType = sourcecode.swift; path = ViewController.swift; sourceTree = "<group>"; };
		84A8852B2AC895C200522DDB /* Base */ = {isa = PBXFileReference; lastKnownFileType = file.storyboard; name = Base; path = Base.lproj/Main.storyboard; sourceTree = "<group>"; };
		84A8852D2AC895C200522DDB /* Assets.xcassets */ = {isa = PBXFileReference; lastKnownFileType = folder.assetcatalog; path = Assets.xcassets; sourceTree = "<group>"; };
		84A885302AC895C200522DDB /* Base */ = {isa = PBXFileReference; lastKnownFileType = file.storyboard; name = Base; path = Base.lproj/LaunchScreen.storyboard; sourceTree = "<group>"; };
		84A885322AC895C200522DDB /* Info.plist */ = {isa = PBXFileReference; lastKnownFileType = text.plist.xml; path = Info.plist; sourceTree = "<group>"; };
		84A885372AC895C300522DDB /* dfgTests.xctest */ = {isa = PBXFileReference; explicitFileType = wrapper.cfbundle; includeInIndex = 0; path = dfgTests.xctest; sourceTree = BUILT_PRODUCTS_DIR; };
		84A8853B2AC895C300522DDB /* dfgTests.swift */ = {isa = PBXFileReference; lastKnownFileType = sourcecode.swift; path = dfgTests.swift; sourceTree = "<group>"; };
		84A885412AC895C300522DDB /* dfgUITests.xctest */ = {isa = PBXFileReference; explicitFileType = wrapper.cfbundle; includeInIndex = 0; path = dfgUITests.xctest; sourceTree = BUILT_PRODUCTS_DIR; };
		84A885452AC895C300522DDB /* dfgUITests.swift */ = {isa = PBXFileReference; lastKnownFileType = sourcecode.swift; path = dfgUITests.swift; sourceTree = "<group>"; };
		84A885472AC895C300522DDB /* dfgUITestsLaunchTests.swift */ = {isa = PBXFileReference; lastKnownFileType = sourcecode.swift; path = dfgUITestsLaunchTests.swift; sourceTree = "<group>"; };
/* End PBXFileReference section */

/* Begin PBXFrameworksBuildPhase section */
		84A8851E2AC895C200522DDB /* Frameworks */ = {
			isa = PBXFrameworksBuildPhase;
			buildActionMask = 2147483647;
			files = (
			);
			runOnlyForDeploymentPostprocessing = 0;
		};
		84A885342AC895C300522DDB /* Frameworks */ = {
			isa = PBXFrameworksBuildPhase;
			buildActionMask = 2147483647;
			files = (
			);
			runOnlyForDeploymentPostprocessing = 0;
		};
		84A8853E2AC895C300522DDB /* Frameworks */ = {
			isa = PBXFrameworksBuildPhase;
			buildActionMask = 2147483647;
			files = (
			);
			runOnlyForDeploymentPostprocessing = 0;
		};
/* End PBXFrameworksBuildPhase section */

/* Begin PBXGroup section */
		84A885182AC895C200522DDB = {
			isa = PBXGroup;
			children = (
				84A885232AC895C200522DDB /* dfg */,
				84A8853A2AC895C300522DDB /* dfgTests */,
				84A885442AC895C300522DDB /* dfgUITests */,
				84A885222AC895C200522DDB /* Products */,
			);
			sourceTree = "<group>";
		};
		84A885222AC895C200522DDB /* Products */ = {
			isa = PBXGroup;
			children = (
				84A885212AC895C200522DDB /* dfg.app */,
				84A885372AC895C300522DDB /* dfgTests.xctest */,
				84A885412AC895C300522DDB /* dfgUITests.xctest */,
			);
			name = Products;
			sourceTree = "<group>";
		};
		84A885232AC895C200522DDB /* dfg */ = {
			isa = PBXGroup;
			children = (
				84A885242AC895C200522DDB /* AppDelegate.swift */,
				84A885262AC895C200522DDB /* SceneDelegate.swift */,
				84A885282AC895C200522DDB /* ViewController.swift */,
				84A8852A2AC895C200522DDB /* Main.storyboard */,
				84A8852D2AC895C200522DDB /* Assets.xcassets */,
				84A8852F2AC895C200522DDB /* LaunchScreen.storyboard */,
				84A885322AC895C200522DDB /* Info.plist */,
			);
			path = dfg;
			sourceTree = "<group>";
		};
		84A8853A2AC895C300522DDB /* dfgTests */ = {
			isa = PBXGroup;
			children = (
				84A8853B2AC895C300522DDB /* dfgTests.swift */,
			);
			path = dfgTests;
			sourceTree = "<group>";
		};
		84A885442AC895C300522DDB /* dfgUITests */ = {
			isa = PBXGroup;
			children = (
				84A885452AC895C300522DDB /* dfgUITests.swift */,
				84A885472AC895C300522DDB /* dfgUITestsLaunchTests.swift */,
			);
			path = dfgUITests;
			sourceTree = "<group>";
		};
/* End PBXGroup section */

/* Begin PBXNativeTarget section */
		84A885202AC895C200522DDB /* dfg */ = {
			isa = PBXNativeTarget;
			buildConfigurationList = 84A8854B2AC895C300522DDB /* Build configuration list for PBXNativeTarget "dfg" */;
			buildPhases = (
				84A8851D2AC895C200522DDB /* Sources */,
				84A8851E2AC895C200522DDB /* Frameworks */,
				84A8851F2AC895C200522DDB /* Resources */,
			);
			buildRules = (
			);
			dependencies = (
			);
			name = dfg;
			productName = dfg;
			productReference = 84A885212AC895C200522DDB /* dfg.app */;
			productType = "com.apple.product-type.application";
		};
		84A885362AC895C300522DDB /* dfgTests */ = {
			isa = PBXNativeTarget;
			buildConfigurationList = 84A8854E2AC895C300522DDB /* Build configuration list for PBXNativeTarget "dfgTests" */;
			buildPhases = (
				84A885332AC895C300522DDB /* Sources */,
				84A885342AC895C300522DDB /* Frameworks */,
				84A885352AC895C300522DDB /* Resources */,
			);
			buildRules = (
			);
			dependencies = (
				84A885392AC895C300522DDB /* PBXTargetDependency */,
			);
			name = dfgTests;
			productName = dfgTests;
			productReference = 84A885372AC895C300522DDB /* dfgTests.xctest */;
			productType = "com.apple.product-type.bundle.unit-test";
		};
		84A885402AC895C300522DDB /* dfgUITests */ = {
			isa = PBXNativeTarget;
			buildConfigurationList = 84A885512AC895C300522DDB /* Build configuration list for PBXNativeTarget "dfgUITests" */;
			buildPhases = (
				84A8853D2AC895C300522DDB /* Sources */,
				84A8853E2AC895C300522DDB /* Frameworks */,
				84A8853F2AC895C300522DDB /* Resources */,
			);
			buildRules = (
			);
			dependencies = (
				84A885432AC895C300522DDB /* PBXTargetDependency */,
			);
			name = dfgUITests;
			productName = dfgUITests;
			productReference = 84A885412AC895C300522DDB /* dfgUITests.xctest */;
			productType = "com.apple.product-type.bundle.ui-testing";
		};
/* End PBXNativeTarget section */

/* Begin PBXProject section */
		84A885192AC895C200522DDB /* Project object */ = {
			isa = PBXProject;
			attributes = {
				BuildIndependentTargetsInParallel = 1;
				LastSwiftUpdateCheck = 1500;
				LastUpgradeCheck = 1500;
				TargetAttributes = {
					84A885202AC895C200522DDB = {
						CreatedOnToolsVersion = 15.0;
					};
					84A885362AC895C300522DDB = {
						CreatedOnToolsVersion = 15.0;
						TestTargetID = 84A885202AC895C200522DDB;
					};
					84A885402AC895C300522DDB = {
						CreatedOnToolsVersion = 15.0;
						TestTargetID = 84A885202AC895C200522DDB;
					};
				};
			};
			buildConfigurationList = 84A8851C2AC895C200522DDB /* Build configuration list for PBXProject "dfg" */;
			compatibilityVersion = "Xcode 14.0";
			developmentRegion = en;
			hasScannedForEncodings = 0;
			knownRegions = (
				en,
				Base,
			);
			mainGroup = 84A885182AC895C200522DDB;
			productRefGroup = 84A885222AC895C200522DDB /* Products */;
			projectDirPath = "";
			projectRoot = "";
			targets = (
				84A885202AC895C200522DDB /* dfg */,
				84A885362AC895C300522DDB /* dfgTests */,
				84A885402AC895C300522DDB /* dfgUITests */,
			);
		};
/* End PBXProject section */

/* Begin PBXResourcesBuildPhase section */
		84A8851F2AC895C200522DDB /* Resources */ = {
			isa = PBXResourcesBuildPhase;
			buildActionMask = 2147483647;
			files = (
				84A885312AC895C200522DDB /* LaunchScreen.storyboard in Resources */,
				84A8852E2AC895C200522DDB /* Assets.xcassets in Resources */,
				84A8852C2AC895C200522DDB /* Main.storyboard in Resources */,
			);
			runOnlyForDeploymentPostprocessing = 0;
		};
		84A885352AC895C300522DDB /* Resources */ = {
			isa = PBXResourcesBuildPhase;
			buildActionMask = 2147483647;
			files = (
			);
			runOnlyForDeploymentPostprocessing = 0;
		};
		84A8853F2AC895C300522DDB /* Resources */ = {
			isa = PBXResourcesBuildPhase;
			buildActionMask = 2147483647;
			files = (
			);
			runOnlyForDeploymentPostprocessing = 0;
		};
/* End PBXResourcesBuildPhase section */

/* Begin PBXSourcesBuildPhase section */
		84A8851D2AC895C200522DDB /* Sources */ = {
			isa = PBXSourcesBuildPhase;
			buildActionMask = 2147483647;
			files = (
				84A885292AC895C200522DDB /* ViewController.swift in Sources */,
				84A885252AC895C200522DDB /* AppDelegate.swift in Sources */,
				84A885272AC895C200522DDB /* SceneDelegate.swift in Sources */,
			);
			runOnlyForDeploymentPostprocessing = 0;
		};
		84A885332AC895C300522DDB /* Sources */ = {
			isa = PBXSourcesBuildPhase;
			buildActionMask = 2147483647;
			files = (
				84A8853C2AC895C300522DDB /* dfgTests.swift in Sources */,
			);
			runOnlyForDeploymentPostprocessing = 0;
		};
		84A8853D2AC895C300522DDB /* Sources */ = {
			isa = PBXSourcesBuildPhase;
			buildActionMask = 2147483647;
			files = (
				84A885482AC895C300522DDB /* dfgUITestsLaunchTests.swift in Sources */,
				84A885462AC895C300522DDB /* dfgUITests.swift in Sources */,
			);
			runOnlyForDeploymentPostprocessing = 0;
		};
/* End PBXSourcesBuildPhase section */

/* Begin PBXTargetDependency section */
		84A885392AC895C300522DDB /* PBXTargetDependency */ = {
			isa = PBXTargetDependency;
			target = 84A885202AC895C200522DDB /* dfg */;
			targetProxy = 84A885382AC895C300522DDB /* PBXContainerItemProxy */;
		};
		84A885432AC895C300522DDB /* PBXTargetDependency */ = {
			isa = PBXTargetDependency;
			target = 84A885202AC895C200522DDB /* dfg */;
			targetProxy = 84A885422AC895C300522DDB /* PBXContainerItemProxy */;
		};
/* End PBXTargetDependency section */

/* Begin PBXVariantGroup section */
		84A8852A2AC895C200522DDB /* Main.storyboard */ = {
			isa = PBXVariantGroup;
			children = (
				84A8852B2AC895C200522DDB /* Base */,
			);
			name = Main.storyboard;
			sourceTree = "<group>";
		};
		84A8852F2AC895C200522DDB /* LaunchScreen.storyboard */ = {
			isa = PBXVariantGroup;
			children = (
				84A885302AC895C200522DDB /* Base */,
			);
			name = LaunchScreen.storyboard;
			sourceTree = "<group>";
		};
/* End PBXVariantGroup section */

/* Begin XCBuildConfiguration section */
		84A885492AC895C300522DDB /* Debug */ = {
			isa = XCBuildConfiguration;
			buildSettings = {
				ALWAYS_SEARCH_USER_PATHS = NO;
				ASSETCATALOG_COMPILER_GENERATE_SWIFT_ASSET_SYMBOL_EXTENSIONS = YES;
				CLANG_ANALYZER_NONNULL = YES;
				CLANG_ANALYZER_NUMBER_OBJECT_CONVERSION = YES_AGGRESSIVE;
				CLANG_CXX_LANGUAGE_STANDARD = "gnu++20";
				CLANG_ENABLE_MODULES = YES;
				CLANG_ENABLE_OBJC_ARC = YES;
				CLANG_ENABLE_OBJC_WEAK = YES;
				CLANG_WARN_BLOCK_CAPTURE_AUTORELEASING = YES;
				CLANG_WARN_BOOL_CONVERSION = YES;
				CLANG_WARN_COMMA = YES;
				CLANG_WARN_CONSTANT_CONVERSION = YES;
				CLANG_WARN_DEPRECATED_OBJC_IMPLEMENTATIONS = YES;
				CLANG_WARN_DIRECT_OBJC_ISA_USAGE = YES_ERROR;
				CLANG_WARN_DOCUMENTATION_COMMENTS = YES;
				CLANG_WARN_EMPTY_BODY = YES;
				CLANG_WARN_ENUM_CONVERSION = YES;
				CLANG_WARN_INFINITE_RECURSION = YES;
				CLANG_WARN_INT_CONVERSION = YES;
				CLANG_WARN_NON_LITERAL_NULL_CONVERSION = YES;
				CLANG_WARN_OBJC_IMPLICIT_RETAIN_SELF = YES;
				CLANG_WARN_OBJC_LITERAL_CONVERSION = YES;
				CLANG_WARN_OBJC_ROOT_CLASS = YES_ERROR;
				CLANG_WARN_QUOTED_INCLUDE_IN_FRAMEWORK_HEADER = YES;
				CLANG_WARN_RANGE_LOOP_ANALYSIS = YES;
				CLANG_WARN_STRICT_PROTOTYPES = YES;
				CLANG_WARN_SUSPICIOUS_MOVE = YES;
				CLANG_WARN_UNGUARDED_AVAILABILITY = YES_AGGRESSIVE;
				CLANG_WARN_UNREACHABLE_CODE = YES;
				CLANG_WARN__DUPLICATE_METHOD_MATCH = YES;
				COPY_PHASE_STRIP = NO;
				DEBUG_INFORMATION_FORMAT = dwarf;
				ENABLE_STRICT_OBJC_MSGSEND = YES;
				ENABLE_TESTABILITY = YES;
				ENABLE_USER_SCRIPT_SANDBOXING = YES;
				GCC_C_LANGUAGE_STANDARD = gnu17;
				GCC_DYNAMIC_NO_PIC = NO;
				GCC_NO_COMMON_BLOCKS = YES;
				GCC_OPTIMIZATION_LEVEL = 0;
				GCC_PREPROCESSOR_DEFINITIONS = (
					"DEBUG=1",
					"$(inherited)",
				);
				GCC_WARN_64_TO_32_BIT_CONVERSION = YES;
				GCC_WARN_ABOUT_RETURN_TYPE = YES_ERROR;
				GCC_WARN_UNDECLARED_SELECTOR = YES;
				GCC_WARN_UNINITIALIZED_AUTOS = YES_AGGRESSIVE;
				GCC_WARN_UNUSED_FUNCTION = YES;
				GCC_WARN_UNUSED_VARIABLE = YES;
				IPHONEOS_DEPLOYMENT_TARGET = 17.0;
				LOCALIZATION_PREFERS_STRING_CATALOGS = YES;
				MTL_ENABLE_DEBUG_INFO = INCLUDE_SOURCE;
				MTL_FAST_MATH = YES;
				ONLY_ACTIVE_ARCH = YES;
				SDKROOT = iphoneos;
				SWIFT_ACTIVE_COMPILATION_CONDITIONS = "DEBUG $(inherited)";
				SWIFT_OPTIMIZATION_LEVEL = "-Onone";
			};
			name = Debug;
		};
		84A8854A2AC895C300522DDB /* Release */ = {
			isa = XCBuildConfiguration;
			buildSettings = {
				ALWAYS_SEARCH_USER_PATHS = NO;
				ASSETCATALOG_COMPILER_GENERATE_SWIFT_ASSET_SYMBOL_EXTENSIONS = YES;
				CLANG_ANALYZER_NONNULL = YES;
				CLANG_ANALYZER_NUMBER_OBJECT_CONVERSION = YES_AGGRESSIVE;
				CLANG_CXX_LANGUAGE_STANDARD = "gnu++20";
				CLANG_ENABLE_MODULES = YES;
				CLANG_ENABLE_OBJC_ARC = YES;
				CLANG_ENABLE_OBJC_WEAK = YES;
				CLANG_WARN_BLOCK_CAPTURE_AUTORELEASING = YES;
				CLANG_WARN_BOOL_CONVERSION = YES;
				CLANG_WARN_COMMA = YES;
				CLANG_WARN_CONSTANT_CONVERSION = YES;
				CLANG_WARN_DEPRECATED_OBJC_IMPLEMENTATIONS = YES;
				CLANG_WARN_DIRECT_OBJC_ISA_USAGE = YES_ERROR;
				CLANG_WARN_DOCUMENTATION_COMMENTS = YES;
				CLANG_WARN_EMPTY_BODY = YES;
				CLANG_WARN_ENUM_CONVERSION = YES;
				CLANG_WARN_INFINITE_RECURSION = YES;
				CLANG_WARN_INT_CONVERSION = YES;
				CLANG_WARN_NON_LITERAL_NULL_CONVERSION = YES;
				CLANG_WARN_OBJC_IMPLICIT_RETAIN_SELF = YES;
				CLANG_WARN_OBJC_LITERAL_CONVERSION = YES;
				CLANG_WARN_OBJC_ROOT_CLASS = YES_ERROR;
				CLANG_WARN_QUOTED_INCLUDE_IN_FRAMEWORK_HEADER = YES;
				CLANG_WARN_RANGE_LOOP_ANALYSIS = YES;
				CLANG_WARN_STRICT_PROTOTYPES = YES;
				CLANG_WARN_SUSPICIOUS_MOVE = YES;
				CLANG_WARN_UNGUARDED_AVAILABILITY = YES_AGGRESSIVE;
				CLANG_WARN_UNREACHABLE_CODE = YES;
				CLANG_WARN__DUPLICATE_METHOD_MATCH = YES;
				COPY_PHASE_STRIP = NO;
				DEBUG_INFORMATION_FORMAT = "dwarf-with-dsym";
				ENABLE_NS_ASSERTIONS = NO;
				ENABLE_STRICT_OBJC_MSGSEND = YES;
				ENABLE_USER_SCRIPT_SANDBOXING = YES;
				GCC_C_LANGUAGE_STANDARD = gnu17;
				GCC_NO_COMMON_BLOCKS = YES;
				GCC_WARN_64_TO_32_BIT_CONVERSION = YES;
				GCC_WARN_ABOUT_RETURN_TYPE = YES_ERROR;
				GCC_WARN_UNDECLARED_SELECTOR = YES;
				GCC_WARN_UNINITIALIZED_AUTOS = YES_AGGRESSIVE;
				GCC_WARN_UNUSED_FUNCTION = YES;
				GCC_WARN_UNUSED_VARIABLE = YES;
				IPHONEOS_DEPLOYMENT_TARGET = 17.0;
				LOCALIZATION_PREFERS_STRING_CATALOGS = YES;
				MTL_ENABLE_DEBUG_INFO = NO;
				MTL_FAST_MATH = YES;
				SDKROOT = iphoneos;
				SWIFT_COMPILATION_MODE = wholemodule;
				VALIDATE_PRODUCT = YES;
			};
			name = Release;
		};
		84A8854C2AC895C300522DDB /* Debug */ = {
			isa = XCBuildConfiguration;
			buildSettings = {
				ASSETCATALOG_COMPILER_APPICON_NAME = AppIcon;
				ASSETCATALOG_COMPILER_GLOBAL_ACCENT_COLOR_NAME = AccentColor;
				CODE_SIGN_STYLE = Automatic;
				CURRENT_PROJECT_VERSION = 1;
				GENERATE_INFOPLIST_FILE = YES;
				INFOPLIST_FILE = dfg/Info.plist;
				INFOPLIST_KEY_UIApplicationSupportsIndirectInputEvents = YES;
				INFOPLIST_KEY_UILaunchStoryboardName = LaunchScreen;
				INFOPLIST_KEY_UIMainStoryboardFile = Main;
				INFOPLIST_KEY_UISupportedInterfaceOrientations_iPad = "UIInterfaceOrientationPortrait UIInterfaceOrientationPortraitUpsideDown UIInterfaceOrientationLandscapeLeft UIInterfaceOrientationLandscapeRight";
				INFOPLIST_KEY_UISupportedInterfaceOrientations_iPhone = "UIInterfaceOrientationPortrait UIInterfaceOrientationLandscapeLeft UIInterfaceOrientationLandscapeRight";
				IPHONEOS_DEPLOYMENT_TARGET = 16.0;
				LD_RUNPATH_SEARCH_PATHS = (
					"$(inherited)",
					"@executable_path/Frameworks",
				);
				MARKETING_VERSION = 1.0;
				PRODUCT_BUNDLE_IDENTIFIER = com.example.dfg;
				PRODUCT_NAME = "$(TARGET_NAME)";
				SUPPORTED_PLATFORMS = "iphoneos iphonesimulator";
				SUPPORTS_MACCATALYST = NO;
				SUPPORTS_MAC_DESIGNED_FOR_IPHONE_IPAD = NO;
				SWIFT_EMIT_LOC_STRINGS = YES;
				SWIFT_VERSION = 5.0;
				TARGETED_DEVICE_FAMILY = "1,2";
			};
			name = Debug;
		};
		84A8854D2AC895C300522DDB /* Release */ = {
			isa = XCBuildConfiguration;
			buildSettings = {
				ASSETCATALOG_COMPILER_APPICON_NAME = AppIcon;
				ASSETCATALOG_COMPILER_GLOBAL_ACCENT_COLOR_NAME = AccentColor;
				CODE_SIGN_STYLE = Automatic;
				CURRENT_PROJECT_VERSION = 1;
				GENERATE_INFOPLIST_FILE = YES;
				INFOPLIST_FILE = dfg/Info.plist;
				INFOPLIST_KEY_UIApplicationSupportsIndirectInputEvents = YES;
				INFOPLIST_KEY_UILaunchStoryboardName = LaunchScreen;
				INFOPLIST_KEY_UIMainStoryboardFile = Main;
				INFOPLIST_KEY_UISupportedInterfaceOrientations_iPad = "UIInterfaceOrientationPortrait UIInterfaceOrientationPortraitUpsideDown UIInterfaceOrientationLandscapeLeft UIInterfaceOrientationLandscapeRight";
				INFOPLIST_KEY_UISupportedInterfaceOrientations_iPhone = "UIInterfaceOrientationPortrait UIInterfaceOrientationLandscapeLeft UIInterfaceOrientationLandscapeRight";
				IPHONEOS_DEPLOYMENT_TARGET = 16.0;
				LD_RUNPATH_SEARCH_PATHS = (
					"$(inherited)",
					"@executable_path/Frameworks",
				);
				MARKETING_VERSION = 1.0;
				PRODUCT_BUNDLE_IDENTIFIER = com.example.dfg;
				PRODUCT_NAME = "$(TARGET_NAME)";
				SUPPORTED_PLATFORMS = "iphoneos iphonesimulator";
				SUPPORTS_MACCATALYST = NO;
				SUPPORTS_MAC_DESIGNED_FOR_IPHONE_IPAD = NO;
				SWIFT_EMIT_LOC_STRINGS = YES;
				SWIFT_VERSION = 5.0;
				TARGETED_DEVICE_FAMILY = "1,2";
			};
			name = Release;
		};
		84A8854F2AC895C300522DDB /* Debug */ = {
			isa = XCBuildConfiguration;
			buildSettings = {
				ALWAYS_EMBED_SWIFT_STANDARD_LIBRARIES = YES;
				BUNDLE_LOADER = "$(TEST_HOST)";
				CODE_SIGN_STYLE = Automatic;
				CURRENT_PROJECT_VERSION = 1;
				GENERATE_INFOPLIST_FILE = YES;
				IPHONEOS_DEPLOYMENT_TARGET = 17.0;
				MARKETING_VERSION = 1.0;
				PRODUCT_BUNDLE_IDENTIFIER = com.example.dfgTests;
				PRODUCT_NAME = "$(TARGET_NAME)";
				SWIFT_EMIT_LOC_STRINGS = NO;
				SWIFT_VERSION = 5.0;
				TARGETED_DEVICE_FAMILY = "1,2";
				TEST_HOST = "$(BUILT_PRODUCTS_DIR)/dfg.app/$(BUNDLE_EXECUTABLE_FOLDER_PATH)/dfg";
			};
			name = Debug;
		};
		84A885502AC895C300522DDB /* Release */ = {
			isa = XCBuildConfiguration;
			buildSettings = {
				ALWAYS_EMBED_SWIFT_STANDARD_LIBRARIES = YES;
				BUNDLE_LOADER = "$(TEST_HOST)";
				CODE_SIGN_STYLE = Automatic;
				CURRENT_PROJECT_VERSION = 1;
				GENERATE_INFOPLIST_FILE = YES;
				IPHONEOS_DEPLOYMENT_TARGET = 17.0;
				MARKETING_VERSION = 1.0;
				PRODUCT_BUNDLE_IDENTIFIER = com.example.dfgTests;
				PRODUCT_NAME = "$(TARGET_NAME)";
				SWIFT_EMIT_LOC_STRINGS = NO;
				SWIFT_VERSION = 5.0;
				TARGETED_DEVICE_FAMILY = "1,2";
				TEST_HOST = "$(BUILT_PRODUCTS_DIR)/dfg.app/$(BUNDLE_EXECUTABLE_FOLDER_PATH)/dfg";
			};
			name = Release;
		};
		84A885522AC895C300522DDB /* Debug */ = {
			isa = XCBuildConfiguration;
			buildSettings = {
				ALWAYS_EMBED_SWIFT_STANDARD_LIBRARIES = YES;
				CODE_SIGN_STYLE = Automatic;
				CURRENT_PROJECT_VERSION = 1;
				GENERATE_INFOPLIST_FILE = YES;
				MARKETING_VERSION = 1.0;
				PRODUCT_BUNDLE_IDENTIFIER = com.example.dfgUITests;
				PRODUCT_NAME = "$(TARGET_NAME)";
				SWIFT_EMIT_LOC_STRINGS = NO;
				SWIFT_VERSION = 5.0;
				TARGETED_DEVICE_FAMILY = "1,2";
				TEST_TARGET_NAME = dfg;
			};
			name = Debug;
		};
		84A885532AC895C300522DDB /* Release */ = {
			isa = XCBuildConfiguration;
			buildSettings = {
				ALWAYS_EMBED_SWIFT_STANDARD_LIBRARIES = YES;
				CODE_SIGN_STYLE = Automatic;
				CURRENT_PROJECT_VERSION = 1;
				GENERATE_INFOPLIST_FILE = YES;
				MARKETING_VERSION = 1.0;
				PRODUCT_BUNDLE_IDENTIFIER = com.example.dfgUITests;
				PRODUCT_NAME = "$(TARGET_NAME)";
				SWIFT_EMIT_LOC_STRINGS = NO;
				SWIFT_VERSION = 5.0;
				TARGETED_DEVICE_FAMILY = "1,2";
				TEST_TARGET_NAME = dfg;
			};
			name = Release;
		};
/* End XCBuildConfiguration section */

/* Begin XCConfigurationList section */
		84A8851C2AC895C200522DDB /* Build configuration list for PBXProject "dfg" */ = {
			isa = XCConfigurationList;
			buildConfigurations = (
				84A885492AC895C300522DDB /* Debug */,
				84A8854A2AC895C300522DDB /* Release */,
			);
			defaultConfigurationIsVisible = 0;
			defaultConfigurationName = Release;
		};
		84A8854B2AC895C300522DDB /* Build configuration list for PBXNativeTarget "dfg" */ = {
			isa = XCConfigurationList;
			buildConfigurations = (
				84A8854C2AC895C300522DDB /* Debug */,
				84A8854D2AC895C300522DDB /* Release */,
			);
			defaultConfigurationIsVisible = 0;
			defaultConfigurationName = Release;
		};
		84A8854E2AC895C300522DDB /* Build configuration list for PBXNativeTarget "dfgTests" */ = {
			isa = XCConfigurationList;
			buildConfigurations = (
				84A8854F2AC895C300522DDB /* Debug */,
				84A885502AC895C300522DDB /* Release */,
			);
			defaultConfigurationIsVisible = 0;
			defaultConfigurationName = Release;
		};
		84A885512AC895C300522DDB /* Build configuration list for PBXNativeTarget "dfgUITests" */ = {
			isa = XCConfigurationList;
			buildConfigurations = (
				84A885522AC895C300522DDB /* Debug */,
				84A885532AC895C300522DDB /* Release */,
			);
			defaultConfigurationIsVisible = 0;
			defaultConfigurationName = Release;
		};
/* End XCConfigurationList section */
	};
	rootObject = 84A885192AC895C200522DDB /* Project object */;
}
